
Microsoft Visual Studio Solution File, Format Version 12.00
# Visual Studio Version 16
VisualStudioVersion = 16.0.30611.23
MinimumVisualStudioVersion = 10.0.40219.1
Project("{FAE04EC0-301F-11D3-BF4B-00C04F79EFBC}") = "GîteDeHauteMontagne", "GîteDeHauteMontagne\GîteDeHauteMontagne.csproj", "{7C7371F7-7F07-4F54-98F6-DC5D14B2059C}"
EndProject
Global
	GlobalSection(SolutionConfigurationPlatforms) = preSolution
		Debug|Any CPU = Debug|Any CPU
		Release|Any CPU = Release|Any CPU
	EndGlobalSection
	GlobalSection(ProjectConfigurationPlatforms) = postSolution
		{7C7371F7-7F07-4F54-98F6-DC5D14B2059C}.Debug|Any CPU.ActiveCfg = Debug|Any CPU
		{7C7371F7-7F07-4F54-98F6-DC5D14B2059C}.Debug|Any CPU.Build.0 = Debug|Any CPU
		{7C7371F7-7F07-4F54-98F6-DC5D14B2059C}.Release|Any CPU.ActiveCfg = Release|Any CPU
		{7C7371F7-7F07-4F54-98F6-DC5D14B2059C}.Release|Any CPU.Build.0 = Release|Any CPU
	EndGlobalSection
	GlobalSection(SolutionProperties) = preSolution
		HideSolutionNode = FALSE
	EndGlobalSection
	GlobalSection(ExtensibilityGlobals) = postSolution
		SolutionGuid = {189620C1-F4DC-4489-94BC-BAC33DB42E52}
	EndGlobalSection
EndGlobal
